
Microsoft Visual Studio Solution File, Format Version 12.00
# Visual Studio Version 17
VisualStudioVersion = 17.3.32819.101
MinimumVisualStudioVersion = 10.0.40219.1
Project("{2150E333-8FDC-42A3-9474-1A3956D46DE8}") = "src", "src", "{E7FBB8F2-C2D2-476F-AEAF-513BE4B71198}"
EndProject
Project("{2150E333-8FDC-42A3-9474-1A3956D46DE8}") = "kodlamaIoDevs", "kodlamaIoDevs", "{8AE206A9-1D52-4AFA-B672-409B50D18BD1}"
EndProject
Project("{9A19103F-16F7-4668-BE54-9A1E7A4F7556}") = "Kodlama.io.Devs.Application", "src\kodlamaIoDevs\Kodlama.io.Devs.Application\Kodlama.io.Devs.Application.csproj", "{730135CC-FA03-4636-93B7-42F2C7BDEAEA}"
EndProject
Project("{9A19103F-16F7-4668-BE54-9A1E7A4F7556}") = "Kodlama.io.Devs.Domain", "src\kodlamaIoDevs\Kodlama.io.Devs.Domain\Kodlama.io.Devs.Domain.csproj", "{E9F527CE-4CE6-435E-AF81-9800AF4646D3}"
EndProject
Project("{9A19103F-16F7-4668-BE54-9A1E7A4F7556}") = "Kodlama.io.Devs.Persistence", "src\kodlamaIoDevs\Kodlama.io.Devs.Persistence\Kodlama.io.Devs.Persistence.csproj", "{7A7EFFCA-A86E-40B0-BA22-EE5F8DFE5B85}"
EndProject
Project("{9A19103F-16F7-4668-BE54-9A1E7A4F7556}") = "Kodlama.io.Devs.Infrastructure", "src\kodlamaIoDevs\Kodlama.io.Devs.Infrastructure\Kodlama.io.Devs.Infrastructure.csproj", "{BBB72D93-D1F1-445C-BED2-F02FDBD91181}"
EndProject
Project("{9A19103F-16F7-4668-BE54-9A1E7A4F7556}") = "WebAPI", "src\kodlamaIoDevs\WebAPI\WebAPI.csproj", "{CE31721B-816E-4278-80B5-9743550723D5}"
EndProject
Project("{2150E333-8FDC-42A3-9474-1A3956D46DE8}") = "corePackages", "corePackages", "{140CB7CD-1492-483E-AE11-B64695EEFF07}"
EndProject
Project("{9A19103F-16F7-4668-BE54-9A1E7A4F7556}") = "Core.Application", "src\corePackages\Core.Application\Core.Application.csproj", "{0AD86E49-D72A-44C6-855C-A5E322B4F2A0}"
EndProject
Project("{9A19103F-16F7-4668-BE54-9A1E7A4F7556}") = "Core.CrossCuttingConcerns", "src\corePackages\Core.CrossCuttingConcers\Core.CrossCuttingConcerns.csproj", "{49ED8283-3B48-4EA8-88DE-9C7E9128EBD6}"
EndProject
Project("{9A19103F-16F7-4668-BE54-9A1E7A4F7556}") = "Core.ElasticSearch", "src\corePackages\Core.ElasticSearch\Core.ElasticSearch.csproj", "{BB84FC21-43A9-4C10-AA11-1E80B6DAE41A}"
EndProject
Project("{9A19103F-16F7-4668-BE54-9A1E7A4F7556}") = "Core.Mailing", "src\corePackages\Core.Mailing\Core.Mailing.csproj", "{ECABF7D5-1DAC-433C-9C86-88A4632742F1}"
EndProject
Project("{9A19103F-16F7-4668-BE54-9A1E7A4F7556}") = "Core.Persistence", "src\corePackages\Core.Persistence\Core.Persistence.csproj", "{7BA088C5-970F-47BD-9037-285BC3384C75}"
EndProject
Project("{9A19103F-16F7-4668-BE54-9A1E7A4F7556}") = "Core.Security", "src\corePackages\Core.Security\Core.Security.csproj", "{855EF531-59F5-4583-A711-DFFCA5E60FDE}"
EndProject
Global
	GlobalSection(SolutionConfigurationPlatforms) = preSolution
		Debug|Any CPU = Debug|Any CPU
		Release|Any CPU = Release|Any CPU
	EndGlobalSection
	GlobalSection(ProjectConfigurationPlatforms) = postSolution
		{730135CC-FA03-4636-93B7-42F2C7BDEAEA}.Debug|Any CPU.ActiveCfg = Debug|Any CPU
		{730135CC-FA03-4636-93B7-42F2C7BDEAEA}.Debug|Any CPU.Build.0 = Debug|Any CPU
		{730135CC-FA03-4636-93B7-42F2C7BDEAEA}.Release|Any CPU.ActiveCfg = Release|Any CPU
		{730135CC-FA03-4636-93B7-42F2C7BDEAEA}.Release|Any CPU.Build.0 = Release|Any CPU
		{E9F527CE-4CE6-435E-AF81-9800AF4646D3}.Debug|Any CPU.ActiveCfg = Debug|Any CPU
		{E9F527CE-4CE6-435E-AF81-9800AF4646D3}.Debug|Any CPU.Build.0 = Debug|Any CPU
		{E9F527CE-4CE6-435E-AF81-9800AF4646D3}.Release|Any CPU.ActiveCfg = Release|Any CPU
		{E9F527CE-4CE6-435E-AF81-9800AF4646D3}.Release|Any CPU.Build.0 = Release|Any CPU
		{7A7EFFCA-A86E-40B0-BA22-EE5F8DFE5B85}.Debug|Any CPU.ActiveCfg = Debug|Any CPU
		{7A7EFFCA-A86E-40B0-BA22-EE5F8DFE5B85}.Debug|Any CPU.Build.0 = Debug|Any CPU
		{7A7EFFCA-A86E-40B0-BA22-EE5F8DFE5B85}.Release|Any CPU.ActiveCfg = Release|Any CPU
		{7A7EFFCA-A86E-40B0-BA22-EE5F8DFE5B85}.Release|Any CPU.Build.0 = Release|Any CPU
		{BBB72D93-D1F1-445C-BED2-F02FDBD91181}.Debug|Any CPU.ActiveCfg = Debug|Any CPU
		{BBB72D93-D1F1-445C-BED2-F02FDBD91181}.Debug|Any CPU.Build.0 = Debug|Any CPU
		{BBB72D93-D1F1-445C-BED2-F02FDBD91181}.Release|Any CPU.ActiveCfg = Release|Any CPU
		{BBB72D93-D1F1-445C-BED2-F02FDBD91181}.Release|Any CPU.Build.0 = Release|Any CPU
		{CE31721B-816E-4278-80B5-9743550723D5}.Debug|Any CPU.ActiveCfg = Debug|Any CPU
		{CE31721B-816E-4278-80B5-9743550723D5}.Debug|Any CPU.Build.0 = Debug|Any CPU
		{CE31721B-816E-4278-80B5-9743550723D5}.Release|Any CPU.ActiveCfg = Release|Any CPU
		{CE31721B-816E-4278-80B5-9743550723D5}.Release|Any CPU.Build.0 = Release|Any CPU
		{0AD86E49-D72A-44C6-855C-A5E322B4F2A0}.Debug|Any CPU.ActiveCfg = Debug|Any CPU
		{0AD86E49-D72A-44C6-855C-A5E322B4F2A0}.Debug|Any CPU.Build.0 = Debug|Any CPU
		{0AD86E49-D72A-44C6-855C-A5E322B4F2A0}.Release|Any CPU.ActiveCfg = Release|Any CPU
		{0AD86E49-D72A-44C6-855C-A5E322B4F2A0}.Release|Any CPU.Build.0 = Release|Any CPU
		{49ED8283-3B48-4EA8-88DE-9C7E9128EBD6}.Debug|Any CPU.ActiveCfg = Debug|Any CPU
		{49ED8283-3B48-4EA8-88DE-9C7E9128EBD6}.Debug|Any CPU.Build.0 = Debug|Any CPU
		{49ED8283-3B48-4EA8-88DE-9C7E9128EBD6}.Release|Any CPU.ActiveCfg = Release|Any CPU
		{49ED8283-3B48-4EA8-88DE-9C7E9128EBD6}.Release|Any CPU.Build.0 = Release|Any CPU
		{BB84FC21-43A9-4C10-AA11-1E80B6DAE41A}.Debug|Any CPU.ActiveCfg = Debug|Any CPU
		{BB84FC21-43A9-4C10-AA11-1E80B6DAE41A}.Debug|Any CPU.Build.0 = Debug|Any CPU
		{BB84FC21-43A9-4C10-AA11-1E80B6DAE41A}.Release|Any CPU.ActiveCfg = Release|Any CPU
		{BB84FC21-43A9-4C10-AA11-1E80B6DAE41A}.Release|Any CPU.Build.0 = Release|Any CPU
		{ECABF7D5-1DAC-433C-9C86-88A4632742F1}.Debug|Any CPU.ActiveCfg = Debug|Any CPU
		{ECABF7D5-1DAC-433C-9C86-88A4632742F1}.Debug|Any CPU.Build.0 = Debug|Any CPU
		{ECABF7D5-1DAC-433C-9C86-88A4632742F1}.Release|Any CPU.ActiveCfg = Release|Any CPU
		{ECABF7D5-1DAC-433C-9C86-88A4632742F1}.Release|Any CPU.Build.0 = Release|Any CPU
		{7BA088C5-970F-47BD-9037-285BC3384C75}.Debug|Any CPU.ActiveCfg = Debug|Any CPU
		{7BA088C5-970F-47BD-9037-285BC3384C75}.Debug|Any CPU.Build.0 = Debug|Any CPU
		{7BA088C5-970F-47BD-9037-285BC3384C75}.Release|Any CPU.ActiveCfg = Release|Any CPU
		{7BA088C5-970F-47BD-9037-285BC3384C75}.Release|Any CPU.Build.0 = Release|Any CPU
		{855EF531-59F5-4583-A711-DFFCA5E60FDE}.Debug|Any CPU.ActiveCfg = Debug|Any CPU
		{855EF531-59F5-4583-A711-DFFCA5E60FDE}.Debug|Any CPU.Build.0 = Debug|Any CPU
		{855EF531-59F5-4583-A711-DFFCA5E60FDE}.Release|Any CPU.ActiveCfg = Release|Any CPU
		{855EF531-59F5-4583-A711-DFFCA5E60FDE}.Release|Any CPU.Build.0 = Release|Any CPU
	EndGlobalSection
	GlobalSection(SolutionProperties) = preSolution
		HideSolutionNode = FALSE
	EndGlobalSection
	GlobalSection(NestedProjects) = preSolution
		{8AE206A9-1D52-4AFA-B672-409B50D18BD1} = {E7FBB8F2-C2D2-476F-AEAF-513BE4B71198}
		{730135CC-FA03-4636-93B7-42F2C7BDEAEA} = {8AE206A9-1D52-4AFA-B672-409B50D18BD1}
		{E9F527CE-4CE6-435E-AF81-9800AF4646D3} = {8AE206A9-1D52-4AFA-B672-409B50D18BD1}
		{7A7EFFCA-A86E-40B0-BA22-EE5F8DFE5B85} = {8AE206A9-1D52-4AFA-B672-409B50D18BD1}
		{BBB72D93-D1F1-445C-BED2-F02FDBD91181} = {8AE206A9-1D52-4AFA-B672-409B50D18BD1}
		{CE31721B-816E-4278-80B5-9743550723D5} = {8AE206A9-1D52-4AFA-B672-409B50D18BD1}
		{140CB7CD-1492-483E-AE11-B64695EEFF07} = {E7FBB8F2-C2D2-476F-AEAF-513BE4B71198}
		{0AD86E49-D72A-44C6-855C-A5E322B4F2A0} = {140CB7CD-1492-483E-AE11-B64695EEFF07}
		{49ED8283-3B48-4EA8-88DE-9C7E9128EBD6} = {140CB7CD-1492-483E-AE11-B64695EEFF07}
		{BB84FC21-43A9-4C10-AA11-1E80B6DAE41A} = {140CB7CD-1492-483E-AE11-B64695EEFF07}
		{ECABF7D5-1DAC-433C-9C86-88A4632742F1} = {140CB7CD-1492-483E-AE11-B64695EEFF07}
		{7BA088C5-970F-47BD-9037-285BC3384C75} = {140CB7CD-1492-483E-AE11-B64695EEFF07}
		{855EF531-59F5-4583-A711-DFFCA5E60FDE} = {140CB7CD-1492-483E-AE11-B64695EEFF07}
	EndGlobalSection
	GlobalSection(ExtensibilityGlobals) = postSolution
		SolutionGuid = {62C1AFCD-E04C-464D-A38A-AE0ED038050A}
	EndGlobalSection
EndGlobal
